// !$*UTF8*$!
{
	archiveVersion = 1;
	classes = {
	};
	objectVersion = 46;
	objects = {

/* Begin PBXBuildFile section */
		01433ECA1A8D35CC00B86BA4 /* simengine.cpp in Sources */ = {isa = PBXBuildFile; fileRef = 01433EC81A8D35CC00B86BA4 /* simengine.cpp */; };
		01433ECD1A8D366C00B86BA4 /* event.cpp in Sources */ = {isa = PBXBuildFile; fileRef = 01433ECB1A8D366C00B86BA4 /* event.cpp */; };
		01433ED01A8D396D00B86BA4 /* random_gen.cpp in Sources */ = {isa = PBXBuildFile; fileRef = 01433ECE1A8D396D00B86BA4 /* random_gen.cpp */; };
		01433ED31A8DAF2500B86BA4 /* system.cpp in Sources */ = {isa = PBXBuildFile; fileRef = 01433ED11A8DAF2500B86BA4 /* system.cpp */; };
		0175688C1A700F5B0084B9EC /* main.cpp in Sources */ = {isa = PBXBuildFile; fileRef = 0175688B1A700F5B0084B9EC /* main.cpp */; };
		017E65371A7C356B001966E1 /* link.cpp in Sources */ = {isa = PBXBuildFile; fileRef = 017E65351A7C356B001966E1 /* link.cpp */; };
		017E653A1A7C35D1001966E1 /* vehicle.cpp in Sources */ = {isa = PBXBuildFile; fileRef = 017E65381A7C35D1001966E1 /* vehicle.cpp */; };
		017E653D1A7C3625001966E1 /* trafficlight.cpp in Sources */ = {isa = PBXBuildFile; fileRef = 017E653B1A7C3625001966E1 /* trafficlight.cpp */; };
/* End PBXBuildFile section */

/* Begin PBXCopyFilesBuildPhase section */
		017568861A700F5B0084B9EC /* CopyFiles */ = {
			isa = PBXCopyFilesBuildPhase;
			buildActionMask = 2147483647;
			dstPath = /usr/share/man/man1/;
			dstSubfolderSpec = 0;
			files = (
			);
			runOnlyForDeploymentPostprocessing = 1;
		};
/* End PBXCopyFilesBuildPhase section */

/* Begin PBXFileReference section */
		01433EC81A8D35CC00B86BA4 /* simengine.cpp */ = {isa = PBXFileReference; fileEncoding = 4; lastKnownFileType = sourcecode.cpp.cpp; path = simengine.cpp; sourceTree = "<group>"; };
		01433EC91A8D35CC00B86BA4 /* simengine.h */ = {isa = PBXFileReference; fileEncoding = 4; lastKnownFileType = sourcecode.c.h; path = simengine.h; sourceTree = "<group>"; };
		01433ECB1A8D366C00B86BA4 /* event.cpp */ = {isa = PBXFileReference; fileEncoding = 4; lastKnownFileType = sourcecode.cpp.cpp; path = event.cpp; sourceTree = "<group>"; };
		01433ECC1A8D366C00B86BA4 /* event.h */ = {isa = PBXFileReference; fileEncoding = 4; lastKnownFileType = sourcecode.c.h; path = event.h; sourceTree = "<group>"; };
		01433ECE1A8D396D00B86BA4 /* random_gen.cpp */ = {isa = PBXFileReference; fileEncoding = 4; lastKnownFileType = sourcecode.cpp.cpp; path = random_gen.cpp; sourceTree = "<group>"; };
		01433ECF1A8D396D00B86BA4 /* random_gen.h */ = {isa = PBXFileReference; fileEncoding = 4; lastKnownFileType = sourcecode.c.h; path = random_gen.h; sourceTree = "<group>"; };
		01433ED11A8DAF2500B86BA4 /* system.cpp */ = {isa = PBXFileReference; fileEncoding = 4; lastKnownFileType = sourcecode.cpp.cpp; path = system.cpp; sourceTree = "<group>"; };
		01433ED21A8DAF2500B86BA4 /* system.h */ = {isa = PBXFileReference; fileEncoding = 4; lastKnownFileType = sourcecode.c.h; path = system.h; sourceTree = "<group>"; };
		017568881A700F5B0084B9EC /* trafficSim */ = {isa = PBXFileReference; explicitFileType = "compiled.mach-o.executable"; includeInIndex = 0; path = trafficSim; sourceTree = BUILT_PRODUCTS_DIR; };
		0175688B1A700F5B0084B9EC /* main.cpp */ = {isa = PBXFileReference; lastKnownFileType = sourcecode.cpp.cpp; path = main.cpp; sourceTree = "<group>"; };
		017E65351A7C356B001966E1 /* link.cpp */ = {isa = PBXFileReference; fileEncoding = 4; lastKnownFileType = sourcecode.cpp.cpp; path = link.cpp; sourceTree = "<group>"; };
		017E65361A7C356B001966E1 /* link.h */ = {isa = PBXFileReference; fileEncoding = 4; lastKnownFileType = sourcecode.c.h; path = link.h; sourceTree = "<group>"; };
		017E65381A7C35D1001966E1 /* vehicle.cpp */ = {isa = PBXFileReference; fileEncoding = 4; lastKnownFileType = sourcecode.cpp.cpp; path = vehicle.cpp; sourceTree = "<group>"; };
		017E65391A7C35D1001966E1 /* vehicle.h */ = {isa = PBXFileReference; fileEncoding = 4; lastKnownFileType = sourcecode.c.h; path = vehicle.h; sourceTree = "<group>"; };
		017E653B1A7C3625001966E1 /* trafficlight.cpp */ = {isa = PBXFileReference; fileEncoding = 4; lastKnownFileType = sourcecode.cpp.cpp; path = trafficlight.cpp; sourceTree = "<group>"; };
		017E653C1A7C3625001966E1 /* trafficlight.h */ = {isa = PBXFileReference; fileEncoding = 4; lastKnownFileType = sourcecode.c.h; path = trafficlight.h; sourceTree = "<group>"; };
/* End PBXFileReference section */

/* Begin PBXFrameworksBuildPhase section */
		017568851A700F5B0084B9EC /* Frameworks */ = {
			isa = PBXFrameworksBuildPhase;
			buildActionMask = 2147483647;
			files = (
			);
			runOnlyForDeploymentPostprocessing = 0;
		};
/* End PBXFrameworksBuildPhase section */

/* Begin PBXGroup section */
		0175687F1A700F5B0084B9EC = {
			isa = PBXGroup;
			children = (
				0175688A1A700F5B0084B9EC /* trafficSim */,
				017568891A700F5B0084B9EC /* Products */,
			);
			sourceTree = "<group>";
		};
		017568891A700F5B0084B9EC /* Products */ = {
			isa = PBXGroup;
			children = (
				017568881A700F5B0084B9EC /* trafficSim */,
			);
			name = Products;
			sourceTree = "<group>";
		};
		0175688A1A700F5B0084B9EC /* trafficSim */ = {
			isa = PBXGroup;
			children = (
				0175688B1A700F5B0084B9EC /* main.cpp */,
				017E65351A7C356B001966E1 /* link.cpp */,
				017E65361A7C356B001966E1 /* link.h */,
				017E65381A7C35D1001966E1 /* vehicle.cpp */,
				017E65391A7C35D1001966E1 /* vehicle.h */,
				017E653B1A7C3625001966E1 /* trafficlight.cpp */,
				017E653C1A7C3625001966E1 /* trafficlight.h */,
				01433EC81A8D35CC00B86BA4 /* simengine.cpp */,
				01433EC91A8D35CC00B86BA4 /* simengine.h */,
				01433ECB1A8D366C00B86BA4 /* event.cpp */,
				01433ECC1A8D366C00B86BA4 /* event.h */,
				01433ECE1A8D396D00B86BA4 /* random_gen.cpp */,
				01433ECF1A8D396D00B86BA4 /* random_gen.h */,
				01433ED11A8DAF2500B86BA4 /* system.cpp */,
				01433ED21A8DAF2500B86BA4 /* system.h */,
			);
			path = trafficSim;
			sourceTree = "<group>";
		};
/* End PBXGroup section */

/* Begin PBXNativeTarget section */
		017568871A700F5B0084B9EC /* trafficSim */ = {
			isa = PBXNativeTarget;
			buildConfigurationList = 0175688F1A700F5B0084B9EC /* Build configuration list for PBXNativeTarget "trafficSim" */;
			buildPhases = (
				017568841A700F5B0084B9EC /* Sources */,
				017568851A700F5B0084B9EC /* Frameworks */,
				017568861A700F5B0084B9EC /* CopyFiles */,
			);
			buildRules = (
			);
			dependencies = (
			);
			name = trafficSim;
			productName = trafficSim;
			productReference = 017568881A700F5B0084B9EC /* trafficSim */;
			productType = "com.apple.product-type.tool";
		};
/* End PBXNativeTarget section */

/* Begin PBXProject section */
		017568801A700F5B0084B9EC /* Project object */ = {
			isa = PBXProject;
			attributes = {
				LastUpgradeCheck = 0610;
				ORGANIZATIONNAME = "Jinqi Fang";
				TargetAttributes = {
					017568871A700F5B0084B9EC = {
						CreatedOnToolsVersion = 6.1.1;
					};
				};
			};
			buildConfigurationList = 017568831A700F5B0084B9EC /* Build configuration list for PBXProject "trafficSim" */;
			compatibilityVersion = "Xcode 3.2";
			developmentRegion = English;
			hasScannedForEncodings = 0;
			knownRegions = (
				en,
			);
			mainGroup = 0175687F1A700F5B0084B9EC;
			productRefGroup = 017568891A700F5B0084B9EC /* Products */;
			projectDirPath = "";
			projectRoot = "";
			targets = (
				017568871A700F5B0084B9EC /* trafficSim */,
			);
		};
/* End PBXProject section */

/* Begin PBXSourcesBuildPhase section */
		017568841A700F5B0084B9EC /* Sources */ = {
			isa = PBXSourcesBuildPhase;
			buildActionMask = 2147483647;
			files = (
				017E653D1A7C3625001966E1 /* trafficlight.cpp in Sources */,
				0175688C1A700F5B0084B9EC /* main.cpp in Sources */,
				01433ECD1A8D366C00B86BA4 /* event.cpp in Sources */,
				01433ECA1A8D35CC00B86BA4 /* simengine.cpp in Sources */,
				01433ED31A8DAF2500B86BA4 /* system.cpp in Sources */,
				01433ED01A8D396D00B86BA4 /* random_gen.cpp in Sources */,
				017E653A1A7C35D1001966E1 /* vehicle.cpp in Sources */,
				017E65371A7C356B001966E1 /* link.cpp in Sources */,
			);
			runOnlyForDeploymentPostprocessing = 0;
		};
/* End PBXSourcesBuildPhase section */

/* Begin XCBuildConfiguration section */
		0175688D1A700F5B0084B9EC /* Debug */ = {
			isa = XCBuildConfiguration;
			buildSettings = {
				ALWAYS_SEARCH_USER_PATHS = NO;
				CLANG_CXX_LANGUAGE_STANDARD = "gnu++0x";
				CLANG_CXX_LIBRARY = "libc++";
				CLANG_ENABLE_MODULES = YES;
				CLANG_ENABLE_OBJC_ARC = YES;
				CLANG_WARN_BOOL_CONVERSION = YES;
				CLANG_WARN_CONSTANT_CONVERSION = YES;
				CLANG_WARN_DIRECT_OBJC_ISA_USAGE = YES_ERROR;
				CLANG_WARN_EMPTY_BODY = YES;
				CLANG_WARN_ENUM_CONVERSION = YES;
				CLANG_WARN_INT_CONVERSION = YES;
				CLANG_WARN_OBJC_ROOT_CLASS = YES_ERROR;
				CLANG_WARN_UNREACHABLE_CODE = YES;
				CLANG_WARN__DUPLICATE_METHOD_MATCH = YES;
				COPY_PHASE_STRIP = NO;
				ENABLE_STRICT_OBJC_MSGSEND = YES;
				GCC_C_LANGUAGE_STANDARD = gnu99;
				GCC_DYNAMIC_NO_PIC = NO;
				GCC_OPTIMIZATION_LEVEL = 0;
				GCC_PREPROCESSOR_DEFINITIONS = (
					"DEBUG=1",
					"$(inherited)",
				);
				GCC_SYMBOLS_PRIVATE_EXTERN = NO;
				GCC_WARN_64_TO_32_BIT_CONVERSION = YES;
				GCC_WARN_ABOUT_RETURN_TYPE = YES_ERROR;
				GCC_WARN_UNDECLARED_SELECTOR = YES;
				GCC_WARN_UNINITIALIZED_AUTOS = YES_AGGRESSIVE;
				GCC_WARN_UNUSED_FUNCTION = YES;
				GCC_WARN_UNUSED_VARIABLE = YES;
				MACOSX_DEPLOYMENT_TARGET = 10.10;
				MTL_ENABLE_DEBUG_INFO = YES;
				ONLY_ACTIVE_ARCH = YES;
				SDKROOT = macosx;
			};
			name = Debug;
		};
		0175688E1A700F5B0084B9EC /* Release */ = {
			isa = XCBuildConfiguration;
			buildSettings = {
				ALWAYS_SEARCH_USER_PATHS = NO;
				CLANG_CXX_LANGUAGE_STANDARD = "gnu++0x";
				CLANG_CXX_LIBRARY = "libc++";
				CLANG_ENABLE_MODULES = YES;
				CLANG_ENABLE_OBJC_ARC = YES;
				CLANG_WARN_BOOL_CONVERSION = YES;
				CLANG_WARN_CONSTANT_CONVERSION = YES;
				CLANG_WARN_DIRECT_OBJC_ISA_USAGE = YES_ERROR;
				CLANG_WARN_EMPTY_BODY = YES;
				CLANG_WARN_ENUM_CONVERSION = YES;
				CLANG_WARN_INT_CONVERSION = YES;
				CLANG_WARN_OBJC_ROOT_CLASS = YES_ERROR;
				CLANG_WARN_UNREACHABLE_CODE = YES;
				CLANG_WARN__DUPLICATE_METHOD_MATCH = YES;
				COPY_PHASE_STRIP = YES;
				DEBUG_INFORMATION_FORMAT = "dwarf-with-dsym";
				ENABLE_NS_ASSERTIONS = NO;
				ENABLE_STRICT_OBJC_MSGSEND = YES;
				GCC_C_LANGUAGE_STANDARD = gnu99;
				GCC_WARN_64_TO_32_BIT_CONVERSION = YES;
				GCC_WARN_ABOUT_RETURN_TYPE = YES_ERROR;
				GCC_WARN_UNDECLARED_SELECTOR = YES;
				GCC_WARN_UNINITIALIZED_AUTOS = YES_AGGRESSIVE;
				GCC_WARN_UNUSED_FUNCTION = YES;
				GCC_WARN_UNUSED_VARIABLE = YES;
				MACOSX_DEPLOYMENT_TARGET = 10.10;
				MTL_ENABLE_DEBUG_INFO = NO;
				SDKROOT = macosx;
			};
			name = Release;
		};
		017568901A700F5B0084B9EC /* Debug */ = {
			isa = XCBuildConfiguration;
			buildSettings = {
				PRODUCT_NAME = "$(TARGET_NAME)";
			};
			name = Debug;
		};
		017568911A700F5B0084B9EC /* Release */ = {
			isa = XCBuildConfiguration;
			buildSettings = {
				PRODUCT_NAME = "$(TARGET_NAME)";
			};
			name = Release;
		};
/* End XCBuildConfiguration section */

/* Begin XCConfigurationList section */
		017568831A700F5B0084B9EC /* Build configuration list for PBXProject "trafficSim" */ = {
			isa = XCConfigurationList;
			buildConfigurations = (
				0175688D1A700F5B0084B9EC /* Debug */,
				0175688E1A700F5B0084B9EC /* Release */,
			);
			defaultConfigurationIsVisible = 0;
			defaultConfigurationName = Release;
		};
		0175688F1A700F5B0084B9EC /* Build configuration list for PBXNativeTarget "trafficSim" */ = {
			isa = XCConfigurationList;
			buildConfigurations = (
				017568901A700F5B0084B9EC /* Debug */,
				017568911A700F5B0084B9EC /* Release */,
			);
			defaultConfigurationIsVisible = 0;
			defaultConfigurationName = Release;
		};
/* End XCConfigurationList section */
	};
	rootObject = 017568801A700F5B0084B9EC /* Project object */;
}
